
Microsoft Visual Studio Solution File, Format Version 12.00
# Visual Studio Version 17
VisualStudioVersion = 17.14.36310.24
MinimumVisualStudioVersion = 10.0.40219.1
Project("{FAE04EC0-301F-11D3-BF4B-00C04F79EFBC}") = "02. Operações Matemáticas", "02. Operações Matemáticas.csproj", "{AB263F25-A2EB-41C1-A03C-39BE93A03903}"
EndProject
Global
	GlobalSection(SolutionConfigurationPlatforms) = preSolution
		Debug|Any CPU = Debug|Any CPU
		Release|Any CPU = Release|Any CPU
	EndGlobalSection
	GlobalSection(ProjectConfigurationPlatforms) = postSolution
		{AB263F25-A2EB-41C1-A03C-39BE93A03903}.Debug|Any CPU.ActiveCfg = Debug|Any CPU
		{AB263F25-A2EB-41C1-A03C-39BE93A03903}.Debug|Any CPU.Build.0 = Debug|Any CPU
		{AB263F25-A2EB-41C1-A03C-39BE93A03903}.Release|Any CPU.ActiveCfg = Release|Any CPU
		{AB263F25-A2EB-41C1-A03C-39BE93A03903}.Release|Any CPU.Build.0 = Release|Any CPU
	EndGlobalSection
	GlobalSection(SolutionProperties) = preSolution
		HideSolutionNode = FALSE
	EndGlobalSection
	GlobalSection(ExtensibilityGlobals) = postSolution
		SolutionGuid = {0214BCBD-134D-47AA-B1CF-0B0D12D033FD}
	EndGlobalSection
EndGlobal
